
Microsoft Visual Studio Solution File, Format Version 12.00
# Visual Studio Version 17
VisualStudioVersion = 17.7.34031.279
MinimumVisualStudioVersion = 10.0.40219.1
Project("{FAE04EC0-301F-11D3-BF4B-00C04F79EFBC}") = "Lesson12", "Lesson12\Lesson12.csproj", "{5798426C-4597-4C96-9B73-CD101E08AF07}"
EndProject
Global
	GlobalSection(SolutionConfigurationPlatforms) = preSolution
		Debug|Any CPU = Debug|Any CPU
		Release|Any CPU = Release|Any CPU
	EndGlobalSection
	GlobalSection(ProjectConfigurationPlatforms) = postSolution
		{5798426C-4597-4C96-9B73-CD101E08AF07}.Debug|Any CPU.ActiveCfg = Debug|Any CPU
		{5798426C-4597-4C96-9B73-CD101E08AF07}.Debug|Any CPU.Build.0 = Debug|Any CPU
		{5798426C-4597-4C96-9B73-CD101E08AF07}.Release|Any CPU.ActiveCfg = Release|Any CPU
		{5798426C-4597-4C96-9B73-CD101E08AF07}.Release|Any CPU.Build.0 = Release|Any CPU
	EndGlobalSection
	GlobalSection(SolutionProperties) = preSolution
		HideSolutionNode = FALSE
	EndGlobalSection
	GlobalSection(ExtensibilityGlobals) = postSolution
		SolutionGuid = {B4C0184B-31BB-48E5-AC5C-4403723AE82B}
	EndGlobalSection
EndGlobal
